{
  "name": "faiyt-ags-ui",
  "version": "1.0.0",
  "lockfileVersion": 3,
  "requires": true,
  "packages": {
    "": {
      "name": "faiyt-ags-ui",
      "version": "1.0.0",
      "license": "ISC",
      "dependencies": {
        "@girs/cairo-1.0": "^1.0.0-4.0.0-beta.19",
        "@phosphor-icons/core": "^2.1.1",
        "@phosphor-icons/web": "^2.1.1",
        "material-colors": "^1.2.6",
        "phosphor-css": "^3.1.0"
      }
    },
    "node_modules/@girs/cairo-1.0": {
      "version": "1.0.0-4.0.0-beta.19",
      "resolved": "https://registry.npmjs.org/@girs/cairo-1.0/-/cairo-1.0-1.0.0-4.0.0-beta.19.tgz",
      "integrity": "sha512-nBI5oveqH0N7czBC95ofJ4Un5KKqK6guANE6O0OxkwuF6B3YxVqdNmF8O8i2tk3GIxBzwxkC0bi0Wb6X4tLR8g==",
      "dependencies": {
        "@girs/gjs": "^4.0.0-beta.19",
        "@girs/glib-2.0": "^2.82.2-4.0.0-beta.19",
        "@girs/gobject-2.0": "^2.82.2-4.0.0-beta.19"
      }
    },
    "node_modules/@girs/gio-2.0": {
      "version": "2.82.2-4.0.0-beta.19",
      "resolved": "https://registry.npmjs.org/@girs/gio-2.0/-/gio-2.0-2.82.2-4.0.0-beta.19.tgz",
      "integrity": "sha512-OM2E/mdNX3Z+X7mB8ZVFch4WbUqX1Y6hADiG9+LuGWsAOjPAVvDDUk5N4+34+BTPEfFHLGOdo8E7dI235jylCQ==",
      "dependencies": {
        "@girs/gjs": "^4.0.0-beta.19",
        "@girs/glib-2.0": "^2.82.2-4.0.0-beta.19",
        "@girs/gmodule-2.0": "^2.0.0-4.0.0-beta.19",
        "@girs/gobject-2.0": "^2.82.2-4.0.0-beta.19"
      }
    },
    "node_modules/@girs/gjs": {
      "version": "4.0.0-beta.19",
      "resolved": "https://registry.npmjs.org/@girs/gjs/-/gjs-4.0.0-beta.19.tgz",
      "integrity": "sha512-tl+BjmMqqZH9xZcJZ2AwWI0sotGDc7qVPppAJNeFZFCgUDOFVWThZfkpZffZcQGNphn7wgU8HOvgZyrtVhrltw==",
      "dependencies": {
        "@girs/cairo-1.0": "^1.0.0-4.0.0-beta.19",
        "@girs/gio-2.0": "^2.82.2-4.0.0-beta.19",
        "@girs/glib-2.0": "^2.82.2-4.0.0-beta.19",
        "@girs/gobject-2.0": "^2.82.2-4.0.0-beta.19"
      }
    },
    "node_modules/@girs/glib-2.0": {
      "version": "2.82.2-4.0.0-beta.19",
      "resolved": "https://registry.npmjs.org/@girs/glib-2.0/-/glib-2.0-2.82.2-4.0.0-beta.19.tgz",
      "integrity": "sha512-mRUhcp7O65KQQkyrgiQpUzl1rY+TH4X+A98Kk67g3VjuA7Ei/lV4lcuZnW04HnXAGvQ3Qfkq877NmcDXRgb02g==",
      "dependencies": {
        "@girs/gjs": "^4.0.0-beta.19",
        "@girs/gobject-2.0": "^2.82.2-4.0.0-beta.19"
      }
    },
    "node_modules/@girs/gmodule-2.0": {
      "version": "2.0.0-4.0.0-beta.19",
      "resolved": "https://registry.npmjs.org/@girs/gmodule-2.0/-/gmodule-2.0-2.0.0-4.0.0-beta.19.tgz",
      "integrity": "sha512-whTYGLL63Hw1Tn9ZicpJRAMtkYiZwB3lrcln4ETFxyO1ckGTTZ5s17cWcrQjij27veVvjWcb5rmc93L5djeBpg==",
      "dependencies": {
        "@girs/gjs": "^4.0.0-beta.19",
        "@girs/glib-2.0": "^2.82.2-4.0.0-beta.19",
        "@girs/gobject-2.0": "^2.82.2-4.0.0-beta.19"
      }
    },
    "node_modules/@girs/gobject-2.0": {
      "version": "2.82.2-4.0.0-beta.19",
      "resolved": "https://registry.npmjs.org/@girs/gobject-2.0/-/gobject-2.0-2.82.2-4.0.0-beta.19.tgz",
      "integrity": "sha512-E1fCaIZvZ7K035Waa/vYOTqLKI47OSUX3wpMrD+DBlyfDLDCFvyXwaIrFsiKUVFJIxj1xxq7H2yCZvkYqkfklA==",
      "dependencies": {
        "@girs/gjs": "^4.0.0-beta.19",
        "@girs/glib-2.0": "^2.82.2-4.0.0-beta.19"
      }
    },
    "node_modules/@phosphor-icons/core": {
      "version": "2.1.1",
      "resolved": "https://registry.npmjs.org/@phosphor-icons/core/-/core-2.1.1.tgz",
      "integrity": "sha512-v4ARvrip4qBCImOE5rmPUylOEK4iiED9ZyKjcvzuezqMaiRASCHKcRIuvvxL/twvLpkfnEODCOJp5dM4eZilxQ=="
    },
    "node_modules/@phosphor-icons/web": {
      "version": "2.1.1",
      "resolved": "https://registry.npmjs.org/@phosphor-icons/web/-/web-2.1.1.tgz",
      "integrity": "sha512-QjrfbItu5Rb2i37GzsKxmrRHfZPTVk3oXSPBnQ2+oACDbQRWGAeB0AsvZw263n1nFouQuff+khOCtRbrc6+k+A=="
    },
    "node_modules/material-colors": {
      "version": "1.2.6",
      "resolved": "https://registry.npmjs.org/material-colors/-/material-colors-1.2.6.tgz",
      "integrity": "sha512-6qE4B9deFBIa9YSpOc9O0Sgc43zTeVYbgDT5veRKSlB2+ZuHNoVVxA1L/ckMUayV9Ay9y7Z/SZCLcGteW9i7bg=="
    },
    "node_modules/phosphor-css": {
      "version": "3.1.0",
      "resolved": "https://registry.npmjs.org/phosphor-css/-/phosphor-css-3.1.0.tgz",
      "integrity": "sha512-tL4qGItnNnPlnFVByY+xYDPsFYwhugqIDWN7AjxnlnmOqykp9mc1+mo6MO0AOdbxZxFLJ9V+9gxAsX8/3iRFQw=="
    }
  }
}
